{
  "version": 4,
  "terraform_version": "1.7.3",
  "serial": 5,
  "lineage": "3966671b-cdc2-35aa-8a1e-cd37f26c9d25",
  "outputs": {},
  "resources": [
    {
      "mode": "managed",
      "type": "aws_eks_access_entry",
      "name": "access_entry",
      "provider": "provider[\"registry.terraform.io/hashicorp/aws\"]",
      "instances": [
        {
          "schema_version": 0,
          "attributes": {
            "access_entry_arn": "arn:aws:eks:us-east-1:412037985376:access-entry/health-med-cluster/role/412037985376/voclabs/8ec87866-11b4-74f2-7070-2ca58bb63c97",
            "cluster_name": "health-med-cluster",
            "created_at": "2024-07-26T20:47:08Z",
            "id": "health-med-cluster:arn:aws:iam::412037985376:role/voclabs",
            "kubernetes_groups": [
              "admin",
              "health-med"
            ],
            "modified_at": "2024-07-26T20:47:08Z",
            "principal_arn": "arn:aws:iam::412037985376:role/voclabs",
            "tags": null,
            "tags_all": {},
            "timeouts": null,
            "type": "STANDARD",
            "user_name": "arn:aws:sts::412037985376:assumed-role/voclabs/{{SessionName}}"
          },
          "sensitive_attributes": [],
          "private": "eyJlMmJmYjczMC1lY2FhLTExZTYtOGY4OC0zNDM2M2JjN2M0YzAiOnsiY3JlYXRlIjo2MDAwMDAwMDAwMDAsImRlbGV0ZSI6NjAwMDAwMDAwMDAwfX0=",
          "dependencies": [
            "aws_eks_cluster.health_med_cluster"
          ]
        }
      ]
    },
    {
      "mode": "managed",
      "type": "aws_eks_access_policy_association",
      "name": "policy",
      "provider": "provider[\"registry.terraform.io/hashicorp/aws\"]",
      "instances": [
        {
          "schema_version": 0,
          "attributes": {
            "access_scope": [
              {
                "namespaces": null,
                "type": "cluster"
              }
            ],
            "associated_at": "2024-07-26 20:47:08.858 +0000 UTC",
            "cluster_name": "health-med-cluster",
            "id": "health-med-cluster#arn:aws:iam::412037985376:role/voclabs#arn:aws:eks::aws:cluster-access-policy/AmazonEKSClusterAdminPolicy",
            "modified_at": "2024-07-26 20:47:08.858 +0000 UTC",
            "policy_arn": "arn:aws:eks::aws:cluster-access-policy/AmazonEKSClusterAdminPolicy",
            "principal_arn": "arn:aws:iam::412037985376:role/voclabs",
            "timeouts": null
          },
          "sensitive_attributes": [],
          "private": "eyJlMmJmYjczMC1lY2FhLTExZTYtOGY4OC0zNDM2M2JjN2M0YzAiOnsiY3JlYXRlIjo2MDAwMDAwMDAwMDAsImRlbGV0ZSI6NjAwMDAwMDAwMDAwfX0=",
          "dependencies": [
            "aws_eks_cluster.health_med_cluster"
          ]
        }
      ]
    },
    {
      "mode": "managed",
      "type": "aws_eks_cluster",
      "name": "health_med_cluster",
      "provider": "provider[\"registry.terraform.io/hashicorp/aws\"]",
      "instances": [
        {
          "schema_version": 1,
          "attributes": {
            "access_config": [
              {
                "authentication_mode": "API_AND_CONFIG_MAP",
                "bootstrap_cluster_creator_admin_permissions": false
              }
            ],
            "arn": "arn:aws:eks:us-east-1:412037985376:cluster/health-med-cluster",
            "bootstrap_self_managed_addons": true,
            "certificate_authority": [
              {
                "data": "LS0tLS1CRUdJTiBDRVJUSUZJQ0FURS0tLS0tCk1JSURCVENDQWUyZ0F3SUJBZ0lJTUVLVSt4c2ZDWFF3RFFZSktvWklodmNOQVFFTEJRQXdGVEVUTUJFR0ExVUUKQXhNS2EzVmlaWEp1WlhSbGN6QWVGdzB5TkRBM01qWXlNRE00TWpSYUZ3MHpOREEzTWpReU1EUXpNalJhTUJVeApFekFSQmdOVkJBTVRDbXQxWW1WeWJtVjBaWE13Z2dFaU1BMEdDU3FHU0liM0RRRUJBUVVBQTRJQkR3QXdnZ0VLCkFvSUJBUUMwSVFwdEkyY3FDK2pZR1Exd2dzQmZzbGFKWkZoeW5qSCs2c2tSZVppVytaYWFMU291Z0l0RUlEQjkKRVRWOVBOMGFpSDVNb2s3MGpUSzRoRjV3Z0lFcGt2dm5nUWNMZWtBUC9CRXpwT1ZHaUZkYmNkZFNOYVc5dlJIcQptdnRyQ29KOUZScHEzR0FLb1RWb3ZZVDk4ZnNKMjNkbTlPdW9sOTVTTWQ5QTJpZ2lIWXpYcUV6aUpMaDBKTGhOCldRbWpna0t3cm1aMFk2N0d3WVRkbTR5UmNhcStFTHppaUpIZVhudyt0SDZJS2FSQXUwcEZYQUpWamFicEd5NFEKb3BIVk93K0NSalJhQ3c4TTVXcVZrdlU0UW1TR0F0cnNRekpLemFqSDNnZzdQbG51UDVDVklYaGxUaEhPZzdtKwpLWkw5UHNtVEs4UHBQUXBBS1lsc0gwL3hLdmZKQWdNQkFBR2pXVEJYTUE0R0ExVWREd0VCL3dRRUF3SUNwREFQCkJnTlZIUk1CQWY4RUJUQURBUUgvTUIwR0ExVWREZ1FXQkJTUTkxNlVheGxLdkJLaTc3b05WZlNTSjVodE1UQVYKQmdOVkhSRUVEakFNZ2dwcmRXSmxjbTVsZEdWek1BMEdDU3FHU0liM0RRRUJDd1VBQTRJQkFRQVNSYi81ZkdwOApxbDVUVk44OStrMDVNTjh1TTEzRlJkd0Jmc0pSNm81M0F4UkZMOWtjbHJWL09SLzBTZkdnWUNJbDUxdFJiK3R1CmVSeXZzWFViczNzak8vbjFSZ3hOTTlnTXRwajE1QkpLOG93bUZvb3JIZUdmdi8wbVQrTktlNXk2K2lZZ2R6RUcKSVNESjhRczJZWjM5T1VDMDI2WnpoanJtUVpYNkovUWRWK0dGZXdMWkxmSkszK2owQzRVRHZ4M0ttVnpJTjU2NwpnTEVHVFBwd09HOWxNRUo5MzlNb0tOUy9rZlB4bVpHZ29ISHVpVnVuNlZuSXVUc1hVMGtBaDFPNXZSSWhzQlp5CllEbnh4NjJmUHZEamRaVFVEU3ljMS95Q3RvMVZtWmU0Yi9HaGJpRTMrSVhCOUtSd0lWMnFrRjJjeEFIZnpWU3kKanRFWXVFeTF5RDRzCi0tLS0tRU5EIENFUlRJRklDQVRFLS0tLS0K"
              }
            ],
            "cluster_id": null,
            "created_at": "2024-07-26 20:38:08.142 +0000 UTC",
            "enabled_cluster_log_types": null,
            "encryption_config": [],
            "endpoint": "https://012F1C8902C48CA25388C37BE4F9B1B1.gr7.us-east-1.eks.amazonaws.com",
            "id": "health-med-cluster",
            "identity": [
              {
                "oidc": [
                  {
                    "issuer": "https://oidc.eks.us-east-1.amazonaws.com/id/012F1C8902C48CA25388C37BE4F9B1B1"
                  }
                ]
              }
            ],
            "kubernetes_network_config": [
              {
                "ip_family": "ipv4",
                "service_ipv4_cidr": "10.100.0.0/16",
                "service_ipv6_cidr": ""
              }
            ],
            "name": "health-med-cluster",
            "outpost_config": [],
            "platform_version": "eks.5",
            "role_arn": "arn:aws:iam::412037985376:role/LabRole",
            "status": "ACTIVE",
            "tags": null,
            "tags_all": {},
            "timeouts": null,
            "version": "1.30",
            "vpc_config": [
              {
                "cluster_security_group_id": "sg-022cffc4defb31b38",
                "endpoint_private_access": false,
                "endpoint_public_access": true,
                "public_access_cidrs": [
                  "0.0.0.0/0"
                ],
                "security_group_ids": [
                  "sg-033aaac67c0f6ad10"
                ],
                "subnet_ids": [
                  "subnet-04e91d1e44d5f54e5",
                  "subnet-07cd704fb6d6a7341",
                  "subnet-0f5ed94f8fb970044"
                ],
                "vpc_id": "vpc-06d57e35d1f6a0380"
              }
            ]
          },
          "sensitive_attributes": [],
          "private": "eyJlMmJmYjczMC1lY2FhLTExZTYtOGY4OC0zNDM2M2JjN2M0YzAiOnsiY3JlYXRlIjoxODAwMDAwMDAwMDAwLCJkZWxldGUiOjkwMDAwMDAwMDAwMCwidXBkYXRlIjozNjAwMDAwMDAwMDAwfSwic2NoZW1hX3ZlcnNpb24iOiIxIn0="
        }
      ]
    },
    {
      "mode": "managed",
      "type": "aws_eks_node_group",
      "name": "eks_node_group",
      "provider": "provider[\"registry.terraform.io/hashicorp/aws\"]",
      "instances": [
        {
          "schema_version": 0,
          "attributes": {
            "ami_type": "AL2023_x86_64_STANDARD",
            "arn": "arn:aws:eks:us-east-1:412037985376:nodegroup/health-med-cluster/node-health-med-cluster/62c87866-1163-7f3f-f267-f83f2fd57d86",
            "capacity_type": "ON_DEMAND",
            "cluster_name": "health-med-cluster",
            "disk_size": 20,
            "force_update_version": null,
            "id": "health-med-cluster:node-health-med-cluster",
            "instance_types": [
              "t3.micro"
            ],
            "labels": null,
            "launch_template": [],
            "node_group_name": "node-health-med-cluster",
            "node_group_name_prefix": "",
            "node_role_arn": "arn:aws:iam::412037985376:role/LabRole",
            "release_version": "1.30.0-20240703",
            "remote_access": [],
            "resources": [
              {
                "autoscaling_groups": [
                  {
                    "name": "eks-node-health-med-cluster-62c87866-1163-7f3f-f267-f83f2fd57d86"
                  }
                ],
                "remote_access_security_group_id": ""
              }
            ],
            "scaling_config": [
              {
                "desired_size": 5,
                "max_size": 10,
                "min_size": 3
              }
            ],
            "status": "ACTIVE",
            "subnet_ids": [
              "subnet-04e91d1e44d5f54e5",
              "subnet-07cd704fb6d6a7341",
              "subnet-0f5ed94f8fb970044"
            ],
            "tags": null,
            "tags_all": {},
            "taint": [],
            "timeouts": null,
            "update_config": [
              {
                "max_unavailable": 1,
                "max_unavailable_percentage": 0
              }
            ],
            "version": "1.30"
          },
          "sensitive_attributes": [],
          "private": "eyJlMmJmYjczMC1lY2FhLTExZTYtOGY4OC0zNDM2M2JjN2M0YzAiOnsiY3JlYXRlIjozNjAwMDAwMDAwMDAwLCJkZWxldGUiOjM2MDAwMDAwMDAwMDAsInVwZGF0ZSI6MzYwMDAwMDAwMDAwMH19",
          "dependencies": [
            "aws_eks_cluster.health_med_cluster"
          ]
        }
      ]
    }
  ],
  "check_results": null
}
